Microsoft Visual Studio Solution File, Format Version 12.00
# Visual Studio Version 17
VisualStudioVersion = 17.5.2.0
MinimumVisualStudioVersion = 10.0.40219.1
Project("{2150E333-8FDC-42A3-9474-1A3956D46DE8}") = "labs", "labs", "{908A2AE8-7277-8D33-5900-B70622523C2F}"
EndProject
Project("{2150E333-8FDC-42A3-9474-1A3956D46DE8}") = "05-.NET_Core_containers", "05-.NET_Core_containers", "{32AA8873-9F05-8A91-ADD1-ACAE36B82AAF}"
EndProject
Project("{2150E333-8FDC-42A3-9474-1A3956D46DE8}") = "app", "app", "{58B5941B-F761-29D9-7FFF-114999D1662D}"
EndProject
Project("{FAE04EC0-301F-11D3-BF4B-00C04F79EFBC}") = "myapp", "labs\05-.NET_Core_containers\app\myapp.csproj", "{BB7ACC85-FD18-1F16-5377-45810D13D112}"
EndProject
Global
	GlobalSection(SolutionConfigurationPlatforms) = preSolution
		Debug|Any CPU = Debug|Any CPU
		Release|Any CPU = Release|Any CPU
	EndGlobalSection
	GlobalSection(ProjectConfigurationPlatforms) = postSolution
		{BB7ACC85-FD18-1F16-5377-45810D13D112}.Debug|Any CPU.ActiveCfg = Debug|Any CPU
		{BB7ACC85-FD18-1F16-5377-45810D13D112}.Debug|Any CPU.Build.0 = Debug|Any CPU
		{BB7ACC85-FD18-1F16-5377-45810D13D112}.Release|Any CPU.ActiveCfg = Release|Any CPU
		{BB7ACC85-FD18-1F16-5377-45810D13D112}.Release|Any CPU.Build.0 = Release|Any CPU
	EndGlobalSection
	GlobalSection(SolutionProperties) = preSolution
		HideSolutionNode = FALSE
	EndGlobalSection
	GlobalSection(NestedProjects) = preSolution
		{32AA8873-9F05-8A91-ADD1-ACAE36B82AAF} = {908A2AE8-7277-8D33-5900-B70622523C2F}
		{58B5941B-F761-29D9-7FFF-114999D1662D} = {32AA8873-9F05-8A91-ADD1-ACAE36B82AAF}
		{BB7ACC85-FD18-1F16-5377-45810D13D112} = {58B5941B-F761-29D9-7FFF-114999D1662D}
	EndGlobalSection
	GlobalSection(ExtensibilityGlobals) = postSolution
		SolutionGuid = {B3FE4DA3-4DA0-4FEE-904C-B7D339F72453}
	EndGlobalSection
EndGlobal
